{
  "name": "patient-front-wechat",
  "lockfileVersion": 3,
  "requires": true,
  "packages": {
    "": {
      "dependencies": {
        "@climblee/uv-ui": "^1.1.20"
      }
    },
    "node_modules/@climblee/uv-ui": {
      "version": "1.1.20",
      "resolved": "https://registry.npmmirror.com/@climblee/uv-ui/-/uv-ui-1.1.20.tgz",
      "integrity": "sha512-jkyesHJsPJkF4Nap9ZmG1/ibKlxXA5M8+ntqKXwwloIsYSYL5SOKb0gyPj17aBOU1PkJpmeiZ8PwnTolhK2/HA=="
    }
  }
}
